
Microsoft Visual Studio Solution File, Format Version 12.00
# Visual Studio Version 17
VisualStudioVersion = 17.2.32602.215
MinimumVisualStudioVersion = 10.0.40219.1
Project("{FAE04EC0-301F-11D3-BF4B-00C04F79EFBC}") = "API Interactive Lab 1", "API Interactive Lab 1.csproj", "{186DED02-B5EE-4655-A3F2-866AC27742A3}"
EndProject
Global
	GlobalSection(SolutionConfigurationPlatforms) = preSolution
		Debug|Any CPU = Debug|Any CPU
		Release|Any CPU = Release|Any CPU
	EndGlobalSection
	GlobalSection(ProjectConfigurationPlatforms) = postSolution
		{186DED02-B5EE-4655-A3F2-866AC27742A3}.Debug|Any CPU.ActiveCfg = Debug|Any CPU
		{186DED02-B5EE-4655-A3F2-866AC27742A3}.Debug|Any CPU.Build.0 = Debug|Any CPU
		{186DED02-B5EE-4655-A3F2-866AC27742A3}.Release|Any CPU.ActiveCfg = Release|Any CPU
		{186DED02-B5EE-4655-A3F2-866AC27742A3}.Release|Any CPU.Build.0 = Release|Any CPU
	EndGlobalSection
	GlobalSection(SolutionProperties) = preSolution
		HideSolutionNode = FALSE
	EndGlobalSection
	GlobalSection(ExtensibilityGlobals) = postSolution
		SolutionGuid = {3E18709F-DC7D-4023-88DB-638C803C27BC}
	EndGlobalSection
EndGlobal
